// !$*UTF8*$!
{
	archiveVersion = 1;
	classes = {
	};
	objectVersion = 56;
	objects = {

/* Begin PBXBuildFile section */
		4B0917282EB9AF9F0003ACC7 /* SwiftConcurrencyGlobalActor.swift in Sources */ = {isa = PBXBuildFile; fileRef = 4B0917272EB9AF9F0003ACC7 /* SwiftConcurrencyGlobalActor.swift */; };
		4B09172A2EB9ED0E0003ACC7 /* SwiftConcurrencySendable.swift in Sources */ = {isa = PBXBuildFile; fileRef = 4B0917292EB9ED0E0003ACC7 /* SwiftConcurrencySendable.swift */; };
		4B2D60E12EBC53E300D1C0DE /* SwiftCombineBootcamp.swift in Sources */ = {isa = PBXBuildFile; fileRef = 4B2D60E02EBC53E300D1C0DE /* SwiftCombineBootcamp.swift */; };
		4B2D60E32EBC540800D1C0DE /* SwiftCombinePublishers.swift in Sources */ = {isa = PBXBuildFile; fileRef = 4B2D60E22EBC540800D1C0DE /* SwiftCombinePublishers.swift */; };
		4B3444A12C80923B009AD3D3 /* DataModel.swift in Sources */ = {isa = PBXBuildFile; fileRef = 4B3444952C80866E009AD3D3 /* DataModel.swift */; };
		4B3444A22C80923B009AD3D3 /* ContentView.swift in Sources */ = {isa = PBXBuildFile; fileRef = 4B3444992C8086D6009AD3D3 /* ContentView.swift */; };
		4B3444A32C80923B009AD3D3 /* DocumentGroupApp.swift in Sources */ = {isa = PBXBuildFile; fileRef = 4B3444972C8086A9009AD3D3 /* DocumentGroupApp.swift */; };
		4B3444A42C80923B009AD3D3 /* hello_word_swiftuiApp.swift in Sources */ = {isa = PBXBuildFile; fileRef = 4BF32B0A2B85BA0F00875D8C /* hello_word_swiftuiApp.swift */; };
		4B3444A52C80923B009AD3D3 /* TextBootcamp.swift in Sources */ = {isa = PBXBuildFile; fileRef = 4BD65C612BC26D800062EABE /* TextBootcamp.swift */; };
		4B3444A62C80923B009AD3D3 /* ShapeBootcamp.swift in Sources */ = {isa = PBXBuildFile; fileRef = 4BD65C672BC2B27B0062EABE /* ShapeBootcamp.swift */; };
		4B3444A72C80923B009AD3D3 /* WeatherBootcamp.swift in Sources */ = {isa = PBXBuildFile; fileRef = 4B91E8CC2C54149900AF1281 /* WeatherBootcamp.swift */; };
		4B3444A82C80923B009AD3D3 /* PropertyWrapperBootcamp.swift in Sources */ = {isa = PBXBuildFile; fileRef = 4B0F18892C58F3A40037CF7F /* PropertyWrapperBootcamp.swift */; };
		4B3444A92C80923B009AD3D3 /* Protocol.swift in Sources */ = {isa = PBXBuildFile; fileRef = 4B3C593E2C54B40F00FB3298 /* Protocol.swift */; };
		4B3444AA2C80923B009AD3D3 /* CommonView.swift in Sources */ = {isa = PBXBuildFile; fileRef = 4B3C59402C54D22400FB3298 /* CommonView.swift */; };
		4B3444AB2C809247009AD3D3 /* Assets.xcassets in Resources */ = {isa = PBXBuildFile; fileRef = 4BF32B102B85BA1200875D8C /* Assets.xcassets */; };
		4B3444AC2C809247009AD3D3 /* Preview Assets.xcassets in Resources */ = {isa = PBXBuildFile; fileRef = 4BF32B132B85BA1200875D8C /* Preview Assets.xcassets */; };
		4B4296582ED43BED0033F6D0 /* BooKEditView.swift in Sources */ = {isa = PBXBuildFile; fileRef = 4B4296572ED43BED0033F6D0 /* BooKEditView.swift */; };
		4B42965A2ED4476F0033F6D0 /* RatingView.swift in Sources */ = {isa = PBXBuildFile; fileRef = 4B4296592ED4476F0033F6D0 /* RatingView.swift */; };
		4B688A872ECEDA9B00CCF308 /* iTourSwiftDataBootCamp.swift in Sources */ = {isa = PBXBuildFile; fileRef = 4B688A862ECEDA9B00CCF308 /* iTourSwiftDataBootCamp.swift */; };
		4B688A8F2ECF122500CCF308 /* EditDestination.swift in Sources */ = {isa = PBXBuildFile; fileRef = 4B688A8E2ECF122500CCF308 /* EditDestination.swift */; };
		4BFAAFF02D4F3CFA000513F4 /* GaugeBootcamp.swift in Sources */ = {isa = PBXBuildFile; fileRef = 4BFAAFEF2D4F3CF7000513F4 /* GaugeBootcamp.swift */; };
		4BFCF2892D6056FF000F5A31 /* StateObjectbootcamp.swift in Sources */ = {isa = PBXBuildFile; fileRef = 4BFCF2882D6056FF000F5A31 /* StateObjectbootcamp.swift */; };
		730C82052EBB1FB000F9F9AD /* SwiftConcurrencyRefreshable.swift in Sources */ = {isa = PBXBuildFile; fileRef = 730C82042EBB1FAF00F9F9AD /* SwiftConcurrencyRefreshable.swift */; };
		730C82072EBB231600F9F9AD /* SwiftConcurrencyBootcamp.swift in Sources */ = {isa = PBXBuildFile; fileRef = 730C82062EBB231600F9F9AD /* SwiftConcurrencyBootcamp.swift */; };
		732623B02EB8A0820066DBC0 /* SwiftConcurrencyActor.swift in Sources */ = {isa = PBXBuildFile; fileRef = 732623AF2EB8A0670066DBC0 /* SwiftConcurrencyActor.swift */; };
		7364C6402ED1B2A9009AEA05 /* iBookSwiftDataBootCamp.swift in Sources */ = {isa = PBXBuildFile; fileRef = 7364C63F2ED1B2A9009AEA05 /* iBookSwiftDataBootCamp.swift */; };
		7364C6432ED1B30B009AEA05 /* Book.swift in Sources */ = {isa = PBXBuildFile; fileRef = 7364C6422ED1B30B009AEA05 /* Book.swift */; };
		7364C6452ED1B377009AEA05 /* BookListView.swift in Sources */ = {isa = PBXBuildFile; fileRef = 7364C6442ED1B377009AEA05 /* BookListView.swift */; };
		7364C6492ED1B418009AEA05 /* Destination.swift in Sources */ = {isa = PBXBuildFile; fileRef = 7364C6482ED1B418009AEA05 /* Destination.swift */; };
		7391CE752E9CED9100DEC7E0 /* BindableBootcamp.swift in Sources */ = {isa = PBXBuildFile; fileRef = 7391CE742E9CED9100DEC7E0 /* BindableBootcamp.swift */; };
		7391CE782E9CEE0C00DEC7E0 /* RenderObservableObjectBootcamp.swift in Sources */ = {isa = PBXBuildFile; fileRef = 7391CE772E9CEE0B00DEC7E0 /* RenderObservableObjectBootcamp.swift */; };
		7391CE792E9CEE0C00DEC7E0 /* RenderObservableBootcamp.swift in Sources */ = {isa = PBXBuildFile; fileRef = 7391CE762E9CEE0B00DEC7E0 /* RenderObservableBootcamp.swift */; };
		7391CE7B2E9CEE8C00DEC7E0 /* Extension.swift in Sources */ = {isa = PBXBuildFile; fileRef = 7391CE7A2E9CEE8C00DEC7E0 /* Extension.swift */; };
		7394CE5D2E49E5D9007DA24A /* DestinationList.swift in Sources */ = {isa = PBXBuildFile; fileRef = 7394CE5C2E49E5D9007DA24A /* DestinationList.swift */; };
		73E9A6BF2E1ECD94007E0CC0 /* NavigationViewBootcamp.swift in Sources */ = {isa = PBXBuildFile; fileRef = 73E9A6BE2E1ECD94007E0CC0 /* NavigationViewBootcamp.swift */; };
		73F676E72ED1DEC700B81D9B /* BookAddView.swift in Sources */ = {isa = PBXBuildFile; fileRef = 73F676E62ED1DEC700B81D9B /* BookAddView.swift */; };
		B66B2F432DEAE67C008F2599 /* GeometryReaderBootcamp.swift in Sources */ = {isa = PBXBuildFile; fileRef = B66B2F422DEAE67C008F2599 /* GeometryReaderBootcamp.swift */; };
/* End PBXBuildFile section */

/* Begin PBXFileReference section */
		4B0917272EB9AF9F0003ACC7 /* SwiftConcurrencyGlobalActor.swift */ = {isa = PBXFileReference; lastKnownFileType = sourcecode.swift; path = SwiftConcurrencyGlobalActor.swift; sourceTree = "<group>"; };
		4B0917292EB9ED0E0003ACC7 /* SwiftConcurrencySendable.swift */ = {isa = PBXFileReference; lastKnownFileType = sourcecode.swift; path = SwiftConcurrencySendable.swift; sourceTree = "<group>"; };
		4B0F18892C58F3A40037CF7F /* PropertyWrapperBootcamp.swift */ = {isa = PBXFileReference; lastKnownFileType = sourcecode.swift; path = PropertyWrapperBootcamp.swift; sourceTree = "<group>"; };
		4B2D60E02EBC53E300D1C0DE /* SwiftCombineBootcamp.swift */ = {isa = PBXFileReference; lastKnownFileType = sourcecode.swift; path = SwiftCombineBootcamp.swift; sourceTree = "<group>"; };
		4B2D60E22EBC540800D1C0DE /* SwiftCombinePublishers.swift */ = {isa = PBXFileReference; lastKnownFileType = sourcecode.swift; path = SwiftCombinePublishers.swift; sourceTree = "<group>"; };
		4B3444952C80866E009AD3D3 /* DataModel.swift */ = {isa = PBXFileReference; lastKnownFileType = sourcecode.swift; path = DataModel.swift; sourceTree = "<group>"; };
		4B3444972C8086A9009AD3D3 /* DocumentGroupApp.swift */ = {isa = PBXFileReference; lastKnownFileType = sourcecode.swift; path = DocumentGroupApp.swift; sourceTree = "<group>"; };
		4B3444992C8086D6009AD3D3 /* ContentView.swift */ = {isa = PBXFileReference; lastKnownFileType = sourcecode.swift; path = ContentView.swift; sourceTree = "<group>"; };
		4B3444AD2C8095DE009AD3D3 /* hello-word-swiftui-Info.plist */ = {isa = PBXFileReference; lastKnownFileType = text.plist; path = "hello-word-swiftui-Info.plist"; sourceTree = SOURCE_ROOT; };
		4B3C593E2C54B40F00FB3298 /* Protocol.swift */ = {isa = PBXFileReference; lastKnownFileType = sourcecode.swift; path = Protocol.swift; sourceTree = "<group>"; };
		4B3C59402C54D22400FB3298 /* CommonView.swift */ = {isa = PBXFileReference; lastKnownFileType = sourcecode.swift; path = CommonView.swift; sourceTree = "<group>"; };
		4B4296572ED43BED0033F6D0 /* BooKEditView.swift */ = {isa = PBXFileReference; lastKnownFileType = sourcecode.swift; path = BooKEditView.swift; sourceTree = "<group>"; };
		4B4296592ED4476F0033F6D0 /* RatingView.swift */ = {isa = PBXFileReference; lastKnownFileType = sourcecode.swift; path = RatingView.swift; sourceTree = "<group>"; };
		4B688A862ECEDA9B00CCF308 /* iTourSwiftDataBootCamp.swift */ = {isa = PBXFileReference; lastKnownFileType = sourcecode.swift; path = iTourSwiftDataBootCamp.swift; sourceTree = "<group>"; };
		4B688A8E2ECF122500CCF308 /* EditDestination.swift */ = {isa = PBXFileReference; lastKnownFileType = sourcecode.swift; path = EditDestination.swift; sourceTree = "<group>"; };
		4B91E8CC2C54149900AF1281 /* WeatherBootcamp.swift */ = {isa = PBXFileReference; lastKnownFileType = sourcecode.swift; path = WeatherBootcamp.swift; sourceTree = "<group>"; };
		4BD65C612BC26D800062EABE /* TextBootcamp.swift */ = {isa = PBXFileReference; lastKnownFileType = sourcecode.swift; path = TextBootcamp.swift; sourceTree = "<group>"; };
		4BD65C672BC2B27B0062EABE /* ShapeBootcamp.swift */ = {isa = PBXFileReference; lastKnownFileType = sourcecode.swift; path = ShapeBootcamp.swift; sourceTree = "<group>"; };
		4BF32B072B85BA0F00875D8C /* hello_word_swiftui.app */ = {isa = PBXFileReference; explicitFileType = wrapper.application; includeInIndex = 0; path = hello_word_swiftui.app; sourceTree = BUILT_PRODUCTS_DIR; };
		4BF32B0A2B85BA0F00875D8C /* hello_word_swiftuiApp.swift */ = {isa = PBXFileReference; lastKnownFileType = sourcecode.swift; path = hello_word_swiftuiApp.swift; sourceTree = "<group>"; };
		4BF32B102B85BA1200875D8C /* Assets.xcassets */ = {isa = PBXFileReference; lastKnownFileType = folder.assetcatalog; path = Assets.xcassets; sourceTree = "<group>"; };
		4BF32B132B85BA1200875D8C /* Preview Assets.xcassets */ = {isa = PBXFileReference; lastKnownFileType = folder.assetcatalog; path = "Preview Assets.xcassets"; sourceTree = "<group>"; };
		4BFAAFEF2D4F3CF7000513F4 /* GaugeBootcamp.swift */ = {isa = PBXFileReference; lastKnownFileType = sourcecode.swift; path = GaugeBootcamp.swift; sourceTree = "<group>"; };
		4BFCF2882D6056FF000F5A31 /* StateObjectbootcamp.swift */ = {isa = PBXFileReference; lastKnownFileType = sourcecode.swift; path = StateObjectbootcamp.swift; sourceTree = "<group>"; };
		730C82042EBB1FAF00F9F9AD /* SwiftConcurrencyRefreshable.swift */ = {isa = PBXFileReference; lastKnownFileType = sourcecode.swift; path = SwiftConcurrencyRefreshable.swift; sourceTree = "<group>"; };
		730C82062EBB231600F9F9AD /* SwiftConcurrencyBootcamp.swift */ = {isa = PBXFileReference; lastKnownFileType = sourcecode.swift; path = SwiftConcurrencyBootcamp.swift; sourceTree = "<group>"; };
		732623AF2EB8A0670066DBC0 /* SwiftConcurrencyActor.swift */ = {isa = PBXFileReference; lastKnownFileType = sourcecode.swift; path = SwiftConcurrencyActor.swift; sourceTree = "<group>"; };
		7364C63F2ED1B2A9009AEA05 /* iBookSwiftDataBootCamp.swift */ = {isa = PBXFileReference; lastKnownFileType = sourcecode.swift; path = iBookSwiftDataBootCamp.swift; sourceTree = "<group>"; };
		7364C6422ED1B30B009AEA05 /* Book.swift */ = {isa = PBXFileReference; lastKnownFileType = sourcecode.swift; path = Book.swift; sourceTree = "<group>"; };
		7364C6442ED1B377009AEA05 /* BookListView.swift */ = {isa = PBXFileReference; lastKnownFileType = sourcecode.swift; path = BookListView.swift; sourceTree = "<group>"; };
		7364C6482ED1B418009AEA05 /* Destination.swift */ = {isa = PBXFileReference; lastKnownFileType = sourcecode.swift; path = Destination.swift; sourceTree = "<group>"; };
		7391CE742E9CED9100DEC7E0 /* BindableBootcamp.swift */ = {isa = PBXFileReference; lastKnownFileType = sourcecode.swift; path = BindableBootcamp.swift; sourceTree = "<group>"; };
		7391CE762E9CEE0B00DEC7E0 /* RenderObservableBootcamp.swift */ = {isa = PBXFileReference; lastKnownFileType = sourcecode.swift; path = RenderObservableBootcamp.swift; sourceTree = "<group>"; };
		7391CE772E9CEE0B00DEC7E0 /* RenderObservableObjectBootcamp.swift */ = {isa = PBXFileReference; lastKnownFileType = sourcecode.swift; path = RenderObservableObjectBootcamp.swift; sourceTree = "<group>"; };
		7391CE7A2E9CEE8C00DEC7E0 /* Extension.swift */ = {isa = PBXFileReference; lastKnownFileType = sourcecode.swift; path = Extension.swift; sourceTree = "<group>"; };
		7394CE5C2E49E5D9007DA24A /* DestinationList.swift */ = {isa = PBXFileReference; lastKnownFileType = sourcecode.swift; path = DestinationList.swift; sourceTree = "<group>"; };
		73E9A6BE2E1ECD94007E0CC0 /* NavigationViewBootcamp.swift */ = {isa = PBXFileReference; lastKnownFileType = sourcecode.swift; path = NavigationViewBootcamp.swift; sourceTree = "<group>"; };
		73F676E62ED1DEC700B81D9B /* BookAddView.swift */ = {isa = PBXFileReference; lastKnownFileType = sourcecode.swift; path = BookAddView.swift; sourceTree = "<group>"; };
		B66B2F422DEAE67C008F2599 /* GeometryReaderBootcamp.swift */ = {isa = PBXFileReference; lastKnownFileType = sourcecode.swift; path = GeometryReaderBootcamp.swift; sourceTree = "<group>"; };
/* End PBXFileReference section */

/* Begin PBXGroup section */
		4B2D60DF2EBC53C400D1C0DE /* SwiftCombine */ = {
			isa = PBXGroup;
			children = (
				4B2D60E02EBC53E300D1C0DE /* SwiftCombineBootcamp.swift */,
				4B2D60E22EBC540800D1C0DE /* SwiftCombinePublishers.swift */,
			);
			path = SwiftCombine;
			sourceTree = "<group>";
		};
		4B3444922C8085E9009AD3D3 /* SwiftData_1 */ = {
			isa = PBXGroup;
			children = (
				4B3444952C80866E009AD3D3 /* DataModel.swift */,
				4B3444992C8086D6009AD3D3 /* ContentView.swift */,
			);
			path = SwiftData_1;
			sourceTree = "<group>";
		};
		4B34449B2C80871D009AD3D3 /* LunchApp */ = {
			isa = PBXGroup;
			children = (
				4B3444972C8086A9009AD3D3 /* DocumentGroupApp.swift */,
				4BF32B0A2B85BA0F00875D8C /* hello_word_swiftuiApp.swift */,
			);
			path = LunchApp;
			sourceTree = "<group>";
		};
		4B688A852ECEDA4400CCF308 /* SwiftData_2 */ = {
			isa = PBXGroup;
			children = (
				7394CE5C2E49E5D9007DA24A /* DestinationList.swift */,
				4B688A8E2ECF122500CCF308 /* EditDestination.swift */,
				4B688A862ECEDA9B00CCF308 /* iTourSwiftDataBootCamp.swift */,
				7364C6482ED1B418009AEA05 /* Destination.swift */,
			);
			path = SwiftData_2;
			sourceTree = "<group>";
		};
		4BF32AFE2B85BA0F00875D8C = {
			isa = PBXGroup;
			children = (
				4BF32B092B85BA0F00875D8C /* hello_word_swiftui */,
				4BF32B082B85BA0F00875D8C /* Products */,
			);
			sourceTree = "<group>";
		};
		4BF32B082B85BA0F00875D8C /* Products */ = {
			isa = PBXGroup;
			children = (
				4BF32B072B85BA0F00875D8C /* hello_word_swiftui.app */,
			);
			name = Products;
			sourceTree = "<group>";
		};
		4BF32B092B85BA0F00875D8C /* hello_word_swiftui */ = {
			isa = PBXGroup;
			children = (
				4B3444AD2C8095DE009AD3D3 /* hello-word-swiftui-Info.plist */,
				4B34449B2C80871D009AD3D3 /* LunchApp */,
				4B3444922C8085E9009AD3D3 /* SwiftData_1 */,
				4B688A852ECEDA4400CCF308 /* SwiftData_2 */,
				7364C6412ED1B2B0009AEA05 /* SwiftData_3 */,
				732623B12EB8A08A0066DBC0 /* SwiftConcurrency */,
				4B2D60DF2EBC53C400D1C0DE /* SwiftCombine */,
				4BD65C612BC26D800062EABE /* TextBootcamp.swift */,
				4BD65C672BC2B27B0062EABE /* ShapeBootcamp.swift */,
				73E9A6BE2E1ECD94007E0CC0 /* NavigationViewBootcamp.swift */,
				4B91E8CC2C54149900AF1281 /* WeatherBootcamp.swift */,
				4B0F18892C58F3A40037CF7F /* PropertyWrapperBootcamp.swift */,
				4BFAAFEF2D4F3CF7000513F4 /* GaugeBootcamp.swift */,
				4BFCF2882D6056FF000F5A31 /* StateObjectbootcamp.swift */,
				B66B2F422DEAE67C008F2599 /* GeometryReaderBootcamp.swift */,
				7391CE762E9CEE0B00DEC7E0 /* RenderObservableBootcamp.swift */,
				7391CE772E9CEE0B00DEC7E0 /* RenderObservableObjectBootcamp.swift */,
				7391CE742E9CED9100DEC7E0 /* BindableBootcamp.swift */,
				4BF32B102B85BA1200875D8C /* Assets.xcassets */,
				4BF32B122B85BA1200875D8C /* Preview Content */,
				4B3C593E2C54B40F00FB3298 /* Protocol.swift */,
				4B3C59402C54D22400FB3298 /* CommonView.swift */,
				7391CE7A2E9CEE8C00DEC7E0 /* Extension.swift */,
			);
			path = hello_word_swiftui;
			sourceTree = "<group>";
		};
		4BF32B122B85BA1200875D8C /* Preview Content */ = {
			isa = PBXGroup;
			children = (
				4BF32B132B85BA1200875D8C /* Preview Assets.xcassets */,
			);
			path = "Preview Content";
			sourceTree = "<group>";
		};
		732623B12EB8A08A0066DBC0 /* SwiftConcurrency */ = {
			isa = PBXGroup;
			children = (
				732623AF2EB8A0670066DBC0 /* SwiftConcurrencyActor.swift */,
				730C82042EBB1FAF00F9F9AD /* SwiftConcurrencyRefreshable.swift */,
				4B0917272EB9AF9F0003ACC7 /* SwiftConcurrencyGlobalActor.swift */,
				4B0917292EB9ED0E0003ACC7 /* SwiftConcurrencySendable.swift */,
				730C82062EBB231600F9F9AD /* SwiftConcurrencyBootcamp.swift */,
			);
			path = SwiftConcurrency;
			sourceTree = "<group>";
		};
		7364C6412ED1B2B0009AEA05 /* SwiftData_3 */ = {
			isa = PBXGroup;
			children = (
				7364C63F2ED1B2A9009AEA05 /* iBookSwiftDataBootCamp.swift */,
				7364C6442ED1B377009AEA05 /* BookListView.swift */,
				73F676E62ED1DEC700B81D9B /* BookAddView.swift */,
				4B4296572ED43BED0033F6D0 /* BooKEditView.swift */,
				4B4296592ED4476F0033F6D0 /* RatingView.swift */,
				7364C6422ED1B30B009AEA05 /* Book.swift */,
			);
			path = SwiftData_3;
			sourceTree = "<group>";
		};
/* End PBXGroup section */

/* Begin PBXNativeTarget section */
		4BF32B062B85BA0F00875D8C /* hello_word_swiftui */ = {
			isa = PBXNativeTarget;
			buildConfigurationList = 4BF32B172B85BA1200875D8C /* Build configuration list for PBXNativeTarget "hello_word_swiftui" */;
			buildPhases = (
				4B34449F2C80921F009AD3D3 /* Sources */,
				4B3444A02C809223009AD3D3 /* Resources */,
			);
			buildRules = (
			);
			dependencies = (
			);
			name = hello_word_swiftui;
			productName = hello_word_swiftui;
			productReference = 4BF32B072B85BA0F00875D8C /* hello_word_swiftui.app */;
			productType = "com.apple.product-type.application";
		};
/* End PBXNativeTarget section */

/* Begin PBXProject section */
		4BF32AFF2B85BA0F00875D8C /* Project object */ = {
			isa = PBXProject;
			attributes = {
				BuildIndependentTargetsInParallel = 1;
				LastSwiftUpdateCheck = 1500;
				LastUpgradeCheck = 1640;
				TargetAttributes = {
					4BF32B062B85BA0F00875D8C = {
						CreatedOnToolsVersion = 15.0.1;
					};
				};
			};
			buildConfigurationList = 4BF32B022B85BA0F00875D8C /* Build configuration list for PBXProject "hello_word_swiftui" */;
			compatibilityVersion = "Xcode 14.0";
			developmentRegion = en;
			hasScannedForEncodings = 0;
			knownRegions = (
				en,
				Base,
			);
			mainGroup = 4BF32AFE2B85BA0F00875D8C;
			productRefGroup = 4BF32B082B85BA0F00875D8C /* Products */;
			projectDirPath = "";
			projectRoot = "";
			targets = (
				4BF32B062B85BA0F00875D8C /* hello_word_swiftui */,
			);
		};
/* End PBXProject section */

/* Begin PBXResourcesBuildPhase section */
		4B3444A02C809223009AD3D3 /* Resources */ = {
			isa = PBXResourcesBuildPhase;
			buildActionMask = 2147483647;
			files = (
				4B3444AB2C809247009AD3D3 /* Assets.xcassets in Resources */,
				4B3444AC2C809247009AD3D3 /* Preview Assets.xcassets in Resources */,
			);
			runOnlyForDeploymentPostprocessing = 0;
		};
/* End PBXResourcesBuildPhase section */

/* Begin PBXSourcesBuildPhase section */
		4B34449F2C80921F009AD3D3 /* Sources */ = {
			isa = PBXSourcesBuildPhase;
			buildActionMask = 2147483647;
			files = (
				730C82072EBB231600F9F9AD /* SwiftConcurrencyBootcamp.swift in Sources */,
				7391CE782E9CEE0C00DEC7E0 /* RenderObservableObjectBootcamp.swift in Sources */,
				7391CE792E9CEE0C00DEC7E0 /* RenderObservableBootcamp.swift in Sources */,
				4B2D60E32EBC540800D1C0DE /* SwiftCombinePublishers.swift in Sources */,
				4B688A8F2ECF122500CCF308 /* EditDestination.swift in Sources */,
				4B0917282EB9AF9F0003ACC7 /* SwiftConcurrencyGlobalActor.swift in Sources */,
				4B3444A12C80923B009AD3D3 /* DataModel.swift in Sources */,
				7364C6452ED1B377009AEA05 /* BookListView.swift in Sources */,
				732623B02EB8A0820066DBC0 /* SwiftConcurrencyActor.swift in Sources */,
				7364C6432ED1B30B009AEA05 /* Book.swift in Sources */,
				73E9A6BF2E1ECD94007E0CC0 /* NavigationViewBootcamp.swift in Sources */,
				4B3444A22C80923B009AD3D3 /* ContentView.swift in Sources */,
				4B3444A32C80923B009AD3D3 /* DocumentGroupApp.swift in Sources */,
				4B42965A2ED4476F0033F6D0 /* RatingView.swift in Sources */,
				730C82052EBB1FB000F9F9AD /* SwiftConcurrencyRefreshable.swift in Sources */,
				4B3444A42C80923B009AD3D3 /* hello_word_swiftuiApp.swift in Sources */,
				4B4296582ED43BED0033F6D0 /* BooKEditView.swift in Sources */,
				4B09172A2EB9ED0E0003ACC7 /* SwiftConcurrencySendable.swift in Sources */,
				4B3444A52C80923B009AD3D3 /* TextBootcamp.swift in Sources */,
				4B3444A62C80923B009AD3D3 /* ShapeBootcamp.swift in Sources */,
				7391CE752E9CED9100DEC7E0 /* BindableBootcamp.swift in Sources */,
				B66B2F432DEAE67C008F2599 /* GeometryReaderBootcamp.swift in Sources */,
				4B3444A72C80923B009AD3D3 /* WeatherBootcamp.swift in Sources */,
				7364C6402ED1B2A9009AEA05 /* iBookSwiftDataBootCamp.swift in Sources */,
				4BFAAFF02D4F3CFA000513F4 /* GaugeBootcamp.swift in Sources */,
				7391CE7B2E9CEE8C00DEC7E0 /* Extension.swift in Sources */,
				7394CE5D2E49E5D9007DA24A /* DestinationList.swift in Sources */,
				4B3444A82C80923B009AD3D3 /* PropertyWrapperBootcamp.swift in Sources */,
				4BFCF2892D6056FF000F5A31 /* StateObjectbootcamp.swift in Sources */,
				4B688A872ECEDA9B00CCF308 /* iTourSwiftDataBootCamp.swift in Sources */,
				4B2D60E12EBC53E300D1C0DE /* SwiftCombineBootcamp.swift in Sources */,
				4B3444A92C80923B009AD3D3 /* Protocol.swift in Sources */,
				4B3444AA2C80923B009AD3D3 /* CommonView.swift in Sources */,
				73F676E72ED1DEC700B81D9B /* BookAddView.swift in Sources */,
				7364C6492ED1B418009AEA05 /* Destination.swift in Sources */,
			);
			runOnlyForDeploymentPostprocessing = 0;
		};
/* End PBXSourcesBuildPhase section */

/* Begin XCBuildConfiguration section */
		4BF32B152B85BA1200875D8C /* Debug */ = {
			isa = XCBuildConfiguration;
			buildSettings = {
				ALWAYS_SEARCH_USER_PATHS = NO;
				ASSETCATALOG_COMPILER_GENERATE_SWIFT_ASSET_SYMBOL_EXTENSIONS = YES;
				CLANG_ANALYZER_NONNULL = YES;
				CLANG_ANALYZER_NUMBER_OBJECT_CONVERSION = YES_AGGRESSIVE;
				CLANG_CXX_LANGUAGE_STANDARD = "gnu++20";
				CLANG_ENABLE_MODULES = YES;
				CLANG_ENABLE_OBJC_ARC = YES;
				CLANG_ENABLE_OBJC_WEAK = YES;
				CLANG_WARN_BLOCK_CAPTURE_AUTORELEASING = YES;
				CLANG_WARN_BOOL_CONVERSION = YES;
				CLANG_WARN_COMMA = YES;
				CLANG_WARN_CONSTANT_CONVERSION = YES;
				CLANG_WARN_DEPRECATED_OBJC_IMPLEMENTATIONS = YES;
				CLANG_WARN_DIRECT_OBJC_ISA_USAGE = YES_ERROR;
				CLANG_WARN_DOCUMENTATION_COMMENTS = YES;
				CLANG_WARN_EMPTY_BODY = YES;
				CLANG_WARN_ENUM_CONVERSION = YES;
				CLANG_WARN_INFINITE_RECURSION = YES;
				CLANG_WARN_INT_CONVERSION = YES;
				CLANG_WARN_NON_LITERAL_NULL_CONVERSION = YES;
				CLANG_WARN_OBJC_IMPLICIT_RETAIN_SELF = YES;
				CLANG_WARN_OBJC_LITERAL_CONVERSION = YES;
				CLANG_WARN_OBJC_ROOT_CLASS = YES_ERROR;
				CLANG_WARN_QUOTED_INCLUDE_IN_FRAMEWORK_HEADER = YES;
				CLANG_WARN_RANGE_LOOP_ANALYSIS = YES;
				CLANG_WARN_STRICT_PROTOTYPES = YES;
				CLANG_WARN_SUSPICIOUS_MOVE = YES;
				CLANG_WARN_UNGUARDED_AVAILABILITY = YES_AGGRESSIVE;
				CLANG_WARN_UNREACHABLE_CODE = YES;
				CLANG_WARN__DUPLICATE_METHOD_MATCH = YES;
				COPY_PHASE_STRIP = NO;
				DEBUG_INFORMATION_FORMAT = dwarf;
				DEVELOPMENT_TEAM = BXAAJA7W37;
				ENABLE_STRICT_OBJC_MSGSEND = YES;
				ENABLE_TESTABILITY = YES;
				ENABLE_USER_SCRIPT_SANDBOXING = YES;
				GCC_C_LANGUAGE_STANDARD = gnu17;
				GCC_DYNAMIC_NO_PIC = NO;
				GCC_NO_COMMON_BLOCKS = YES;
				GCC_OPTIMIZATION_LEVEL = 0;
				GCC_PREPROCESSOR_DEFINITIONS = (
					"DEBUG=1",
					"$(inherited)",
				);
				GCC_WARN_64_TO_32_BIT_CONVERSION = YES;
				GCC_WARN_ABOUT_RETURN_TYPE = YES_ERROR;
				GCC_WARN_UNDECLARED_SELECTOR = YES;
				GCC_WARN_UNINITIALIZED_AUTOS = YES_AGGRESSIVE;
				GCC_WARN_UNUSED_FUNCTION = YES;
				GCC_WARN_UNUSED_VARIABLE = YES;
				IPHONEOS_DEPLOYMENT_TARGET = 17.0;
				LOCALIZATION_PREFERS_STRING_CATALOGS = YES;
				MTL_ENABLE_DEBUG_INFO = INCLUDE_SOURCE;
				MTL_FAST_MATH = YES;
				ONLY_ACTIVE_ARCH = YES;
				SDKROOT = iphoneos;
				SWIFT_ACTIVE_COMPILATION_CONDITIONS = "DEBUG $(inherited)";
				SWIFT_OPTIMIZATION_LEVEL = "-Onone";
			};
			name = Debug;
		};
		4BF32B162B85BA1200875D8C /* Release */ = {
			isa = XCBuildConfiguration;
			buildSettings = {
				ALWAYS_SEARCH_USER_PATHS = NO;
				ASSETCATALOG_COMPILER_GENERATE_SWIFT_ASSET_SYMBOL_EXTENSIONS = YES;
				CLANG_ANALYZER_NONNULL = YES;
				CLANG_ANALYZER_NUMBER_OBJECT_CONVERSION = YES_AGGRESSIVE;
				CLANG_CXX_LANGUAGE_STANDARD = "gnu++20";
				CLANG_ENABLE_MODULES = YES;
				CLANG_ENABLE_OBJC_ARC = YES;
				CLANG_ENABLE_OBJC_WEAK = YES;
				CLANG_WARN_BLOCK_CAPTURE_AUTORELEASING = YES;
				CLANG_WARN_BOOL_CONVERSION = YES;
				CLANG_WARN_COMMA = YES;
				CLANG_WARN_CONSTANT_CONVERSION = YES;
				CLANG_WARN_DEPRECATED_OBJC_IMPLEMENTATIONS = YES;
				CLANG_WARN_DIRECT_OBJC_ISA_USAGE = YES_ERROR;
				CLANG_WARN_DOCUMENTATION_COMMENTS = YES;
				CLANG_WARN_EMPTY_BODY = YES;
				CLANG_WARN_ENUM_CONVERSION = YES;
				CLANG_WARN_INFINITE_RECURSION = YES;
				CLANG_WARN_INT_CONVERSION = YES;
				CLANG_WARN_NON_LITERAL_NULL_CONVERSION = YES;
				CLANG_WARN_OBJC_IMPLICIT_RETAIN_SELF = YES;
				CLANG_WARN_OBJC_LITERAL_CONVERSION = YES;
				CLANG_WARN_OBJC_ROOT_CLASS = YES_ERROR;
				CLANG_WARN_QUOTED_INCLUDE_IN_FRAMEWORK_HEADER = YES;
				CLANG_WARN_RANGE_LOOP_ANALYSIS = YES;
				CLANG_WARN_STRICT_PROTOTYPES = YES;
				CLANG_WARN_SUSPICIOUS_MOVE = YES;
				CLANG_WARN_UNGUARDED_AVAILABILITY = YES_AGGRESSIVE;
				CLANG_WARN_UNREACHABLE_CODE = YES;
				CLANG_WARN__DUPLICATE_METHOD_MATCH = YES;
				COPY_PHASE_STRIP = NO;
				DEBUG_INFORMATION_FORMAT = "dwarf-with-dsym";
				DEVELOPMENT_TEAM = BXAAJA7W37;
				ENABLE_NS_ASSERTIONS = NO;
				ENABLE_STRICT_OBJC_MSGSEND = YES;
				ENABLE_USER_SCRIPT_SANDBOXING = YES;
				GCC_C_LANGUAGE_STANDARD = gnu17;
				GCC_NO_COMMON_BLOCKS = YES;
				GCC_WARN_64_TO_32_BIT_CONVERSION = YES;
				GCC_WARN_ABOUT_RETURN_TYPE = YES_ERROR;
				GCC_WARN_UNDECLARED_SELECTOR = YES;
				GCC_WARN_UNINITIALIZED_AUTOS = YES_AGGRESSIVE;
				GCC_WARN_UNUSED_FUNCTION = YES;
				GCC_WARN_UNUSED_VARIABLE = YES;
				IPHONEOS_DEPLOYMENT_TARGET = 17.0;
				LOCALIZATION_PREFERS_STRING_CATALOGS = YES;
				MTL_ENABLE_DEBUG_INFO = NO;
				MTL_FAST_MATH = YES;
				SDKROOT = iphoneos;
				SWIFT_COMPILATION_MODE = wholemodule;
				VALIDATE_PRODUCT = YES;
			};
			name = Release;
		};
		4BF32B182B85BA1200875D8C /* Debug */ = {
			isa = XCBuildConfiguration;
			buildSettings = {
				ASSETCATALOG_COMPILER_APPICON_NAME = AppIcon;
				ASSETCATALOG_COMPILER_GLOBAL_ACCENT_COLOR_NAME = AccentColor;
				CODE_SIGN_STYLE = Automatic;
				CURRENT_PROJECT_VERSION = 1;
				DEVELOPMENT_ASSET_PATHS = "\"hello_word_swiftui/Preview Content\"";
				ENABLE_PREVIEWS = YES;
				GENERATE_INFOPLIST_FILE = YES;
				INFOPLIST_FILE = "hello-word-swiftui-Info.plist";
				INFOPLIST_KEY_UIApplicationSceneManifest_Generation = YES;
				INFOPLIST_KEY_UIApplicationSupportsIndirectInputEvents = YES;
				INFOPLIST_KEY_UILaunchScreen_Generation = YES;
				INFOPLIST_KEY_UISupportedInterfaceOrientations = UIInterfaceOrientationPortrait;
				IPHONEOS_DEPLOYMENT_TARGET = 18.0;
				LD_RUNPATH_SEARCH_PATHS = (
					"$(inherited)",
					"@executable_path/Frameworks",
				);
				MARKETING_VERSION = 1.0;
				PRODUCT_BUNDLE_IDENTIFIER = com.company.greatAppdocument;
				PRODUCT_NAME = "$(TARGET_NAME)";
				SUPPORTED_PLATFORMS = "iphoneos iphonesimulator";
				SUPPORTS_MACCATALYST = NO;
				SUPPORTS_MAC_DESIGNED_FOR_IPHONE_IPAD = NO;
				SUPPORTS_XR_DESIGNED_FOR_IPHONE_IPAD = NO;
				SWIFT_EMIT_LOC_STRINGS = YES;
				SWIFT_STRICT_CONCURRENCY = complete;
				SWIFT_VERSION = 5.0;
				TARGETED_DEVICE_FAMILY = "1,2";
			};
			name = Debug;
		};
		4BF32B192B85BA1200875D8C /* Release */ = {
			isa = XCBuildConfiguration;
			buildSettings = {
				ASSETCATALOG_COMPILER_APPICON_NAME = AppIcon;
				ASSETCATALOG_COMPILER_GLOBAL_ACCENT_COLOR_NAME = AccentColor;
				CODE_SIGN_STYLE = Automatic;
				CURRENT_PROJECT_VERSION = 1;
				DEVELOPMENT_ASSET_PATHS = "\"hello_word_swiftui/Preview Content\"";
				ENABLE_PREVIEWS = YES;
				GENERATE_INFOPLIST_FILE = YES;
				INFOPLIST_FILE = "hello-word-swiftui-Info.plist";
				INFOPLIST_KEY_UIApplicationSceneManifest_Generation = YES;
				INFOPLIST_KEY_UIApplicationSupportsIndirectInputEvents = YES;
				INFOPLIST_KEY_UILaunchScreen_Generation = YES;
				INFOPLIST_KEY_UISupportedInterfaceOrientations = UIInterfaceOrientationPortrait;
				IPHONEOS_DEPLOYMENT_TARGET = 18.0;
				LD_RUNPATH_SEARCH_PATHS = (
					"$(inherited)",
					"@executable_path/Frameworks",
				);
				MARKETING_VERSION = 1.0;
				PRODUCT_BUNDLE_IDENTIFIER = com.company.greatAppdocument;
				PRODUCT_NAME = "$(TARGET_NAME)";
				SUPPORTED_PLATFORMS = "iphoneos iphonesimulator";
				SUPPORTS_MACCATALYST = NO;
				SUPPORTS_MAC_DESIGNED_FOR_IPHONE_IPAD = NO;
				SUPPORTS_XR_DESIGNED_FOR_IPHONE_IPAD = NO;
				SWIFT_EMIT_LOC_STRINGS = YES;
				SWIFT_STRICT_CONCURRENCY = complete;
				SWIFT_VERSION = 5.0;
				TARGETED_DEVICE_FAMILY = "1,2";
			};
			name = Release;
		};
/* End XCBuildConfiguration section */

/* Begin XCConfigurationList section */
		4BF32B022B85BA0F00875D8C /* Build configuration list for PBXProject "hello_word_swiftui" */ = {
			isa = XCConfigurationList;
			buildConfigurations = (
				4BF32B152B85BA1200875D8C /* Debug */,
				4BF32B162B85BA1200875D8C /* Release */,
			);
			defaultConfigurationIsVisible = 0;
			defaultConfigurationName = Release;
		};
		4BF32B172B85BA1200875D8C /* Build configuration list for PBXNativeTarget "hello_word_swiftui" */ = {
			isa = XCConfigurationList;
			buildConfigurations = (
				4BF32B182B85BA1200875D8C /* Debug */,
				4BF32B192B85BA1200875D8C /* Release */,
			);
			defaultConfigurationIsVisible = 0;
			defaultConfigurationName = Release;
		};
/* End XCConfigurationList section */
	};
	rootObject = 4BF32AFF2B85BA0F00875D8C /* Project object */;
}
